Microsoft Visual Studio Solution File, Format Version 11.00
# Visual Studio 2008

Project("{7FA90FDE-58B9-8F57-5F65-13B53898BEC8}") = "ThiefGameDemo", "Assembly-CSharp.csproj", "{087A1C93-ACD4-9279-1E3E-ED107EF24846}"
EndProject
Global
	GlobalSection(SolutionConfigurationPlatforms) = preSolution
		Debug|Any CPU = Debug|Any CPU
		Release|Any CPU = Release|Any CPU
	EndGlobalSection
	GlobalSection(ProjectConfigurationPlatforms) = postSolution
		{087A1C93-ACD4-9279-1E3E-ED107EF24846}.Debug|Any CPU.ActiveCfg = Debug|Any CPU
		{087A1C93-ACD4-9279-1E3E-ED107EF24846}.Debug|Any CPU.Build.0 = Debug|Any CPU
		{087A1C93-ACD4-9279-1E3E-ED107EF24846}.Release|Any CPU.ActiveCfg = Release|Any CPU
		{087A1C93-ACD4-9279-1E3E-ED107EF24846}.Release|Any CPU.Build.0 = Release|Any CPU
	EndGlobalSection
	GlobalSection(SolutionProperties) = preSolution
		HideSolutionNode = FALSE
	EndGlobalSection
	GlobalSection(MonoDevelopProperties) = preSolution
		StartupItem = Assembly-CSharp.csproj
	EndGlobalSection
EndGlobal
